
Microsoft Visual Studio Solution File, Format Version 12.00
# Visual Studio Version 16
VisualStudioVersion = 16.0.29102.190
MinimumVisualStudioVersion = 10.0.40219.1
Project("{FAE04EC0-301F-11D3-BF4B-00C04F79EFBC}") = "StoreManagement", "StoreManagement\StoreManagement.csproj", "{BDE85D34-E439-4D4A-B7D1-0A7D564B4CC3}"
EndProject
Global
	GlobalSection(SolutionConfigurationPlatforms) = preSolution
		Debug|Any CPU = Debug|Any CPU
		Release|Any CPU = Release|Any CPU
	EndGlobalSection
	GlobalSection(ProjectConfigurationPlatforms) = postSolution
		{BDE85D34-E439-4D4A-B7D1-0A7D564B4CC3}.Debug|Any CPU.ActiveCfg = Debug|Any CPU
		{BDE85D34-E439-4D4A-B7D1-0A7D564B4CC3}.Debug|Any CPU.Build.0 = Debug|Any CPU
		{BDE85D34-E439-4D4A-B7D1-0A7D564B4CC3}.Release|Any CPU.ActiveCfg = Release|Any CPU
		{BDE85D34-E439-4D4A-B7D1-0A7D564B4CC3}.Release|Any CPU.Build.0 = Release|Any CPU
	EndGlobalSection
	GlobalSection(SolutionProperties) = preSolution
		HideSolutionNode = FALSE
	EndGlobalSection
	GlobalSection(ExtensibilityGlobals) = postSolution
		SolutionGuid = {96FD2A39-4020-4E92-A406-EF7976F61555}
	EndGlobalSection
EndGlobal
